
Microsoft Visual Studio Solution File, Format Version 12.00
# Visual Studio 15
VisualStudioVersion = 15.0.28307.168
MinimumVisualStudioVersion = 10.0.40219.1
Project("{FAE04EC0-301F-11D3-BF4B-00C04F79EFBC}") = "itSupportAI", "itSupportAI\itSupportAI.csproj", "{3C706478-B78E-4E65-BB55-F4FB66FF5309}"
EndProject
Global
	GlobalSection(SolutionConfigurationPlatforms) = preSolution
		Debug|Any CPU = Debug|Any CPU
		Release|Any CPU = Release|Any CPU
	EndGlobalSection
	GlobalSection(ProjectConfigurationPlatforms) = postSolution
		{3C706478-B78E-4E65-BB55-F4FB66FF5309}.Debug|Any CPU.ActiveCfg = Debug|Any CPU
		{3C706478-B78E-4E65-BB55-F4FB66FF5309}.Debug|Any CPU.Build.0 = Debug|Any CPU
		{3C706478-B78E-4E65-BB55-F4FB66FF5309}.Release|Any CPU.ActiveCfg = Release|Any CPU
		{3C706478-B78E-4E65-BB55-F4FB66FF5309}.Release|Any CPU.Build.0 = Release|Any CPU
	EndGlobalSection
	GlobalSection(SolutionProperties) = preSolution
		HideSolutionNode = FALSE
	EndGlobalSection
	GlobalSection(ExtensibilityGlobals) = postSolution
		SolutionGuid = {E0C09D3B-81C6-42A9-A599-9DF1FFA88C37}
	EndGlobalSection
EndGlobal
